
Microsoft Visual Studio Solution File, Format Version 12.00
# Visual Studio Version 16
VisualStudioVersion = 16.0.29418.71
MinimumVisualStudioVersion = 10.0.40219.1
Project("{FAE04EC0-301F-11D3-BF4B-00C04F79EFBC}") = "Calculator", "Calculator.csproj", "{AC832077-2A75-4EDD-8279-929B49EC016D}"
EndProject
Global
	GlobalSection(SolutionConfigurationPlatforms) = preSolution
		Debug|Any CPU = Debug|Any CPU
		Release|Any CPU = Release|Any CPU
	EndGlobalSection
	GlobalSection(ProjectConfigurationPlatforms) = postSolution
		{AC832077-2A75-4EDD-8279-929B49EC016D}.Debug|Any CPU.ActiveCfg = Debug|Any CPU
		{AC832077-2A75-4EDD-8279-929B49EC016D}.Debug|Any CPU.Build.0 = Debug|Any CPU
		{AC832077-2A75-4EDD-8279-929B49EC016D}.Release|Any CPU.ActiveCfg = Release|Any CPU
		{AC832077-2A75-4EDD-8279-929B49EC016D}.Release|Any CPU.Build.0 = Release|Any CPU
	EndGlobalSection
	GlobalSection(SolutionProperties) = preSolution
		HideSolutionNode = FALSE
	EndGlobalSection
	GlobalSection(ExtensibilityGlobals) = postSolution
		SolutionGuid = {C1CFD726-3442-4967-96A7-61B8FA608B04}
	EndGlobalSection
EndGlobal
